
Microsoft Visual Studio Solution File, Format Version 12.00
# Visual Studio Version 17
VisualStudioVersion = 17.4.32804.182
MinimumVisualStudioVersion = 10.0.40219.1
Project("{9A19103F-16F7-4668-BE54-9A1E7A4F7556}") = "QuSwenseToolsMainWindow", "QuSwenseToolsMainWindow\QuSwenseToolsMainWindow.csproj", "{C85B2870-2CB3-4929-B69C-0DEDEC7E7670}"
EndProject
Global
	GlobalSection(SolutionConfigurationPlatforms) = preSolution
		Debug|Any CPU = Debug|Any CPU
		Release|Any CPU = Release|Any CPU
	EndGlobalSection
	GlobalSection(ProjectConfigurationPlatforms) = postSolution
		{C85B2870-2CB3-4929-B69C-0DEDEC7E7670}.Debug|Any CPU.ActiveCfg = Debug|Any CPU
		{C85B2870-2CB3-4929-B69C-0DEDEC7E7670}.Debug|Any CPU.Build.0 = Debug|Any CPU
		{C85B2870-2CB3-4929-B69C-0DEDEC7E7670}.Release|Any CPU.ActiveCfg = Release|Any CPU
		{C85B2870-2CB3-4929-B69C-0DEDEC7E7670}.Release|Any CPU.Build.0 = Release|Any CPU
	EndGlobalSection
	GlobalSection(SolutionProperties) = preSolution
		HideSolutionNode = FALSE
	EndGlobalSection
	GlobalSection(ExtensibilityGlobals) = postSolution
		SolutionGuid = {AA9AB328-B40B-4BF9-B689-6CC7B61A4291}
	EndGlobalSection
EndGlobal
